
Microsoft Visual Studio Solution File, Format Version 12.00
# Visual Studio 15
VisualStudioVersion = 15.0.28010.2036
MinimumVisualStudioVersion = 10.0.40219.1
Project("{8BC9CEB8-8B4A-11D0-8D11-00A0C91BC942}") = "Core", "Core\Core.vcxproj", "{B6F763A7-550A-4704-BC24-228E6371964D}"
EndProject
Project("{FAE04EC0-301F-11D3-BF4B-00C04F79EFBC}") = "discord_poinator_bot", "discord_poinator_bot\discord_poinator_bot.csproj", "{A04DC1FA-A88A-474E-A506-3C9ECF6C05DA}"
EndProject
Project("{8BC9CEB8-8B4A-11D0-8D11-00A0C91BC942}") = "DllTest", "DllTest\DllTest.vcxproj", "{97F12514-D8EB-40B8-AB00-E82F2D204E2B}"
EndProject
Project("{FAE04EC0-301F-11D3-BF4B-00C04F79EFBC}") = "DllTestCs", "DllTestCs\DllTestCs.csproj", "{F719D41E-5D8B-43B4-9E99-BC3CC56A16B0}"
EndProject
Global
	GlobalSection(SolutionConfigurationPlatforms) = preSolution
		Debug|x64 = Debug|x64
		Release|x64 = Release|x64
	EndGlobalSection
	GlobalSection(ProjectConfigurationPlatforms) = postSolution
		{B6F763A7-550A-4704-BC24-228E6371964D}.Debug|x64.ActiveCfg = Debug|x64
		{B6F763A7-550A-4704-BC24-228E6371964D}.Debug|x64.Build.0 = Debug|x64
		{B6F763A7-550A-4704-BC24-228E6371964D}.Release|x64.ActiveCfg = Release|x64
		{B6F763A7-550A-4704-BC24-228E6371964D}.Release|x64.Build.0 = Release|x64
		{A04DC1FA-A88A-474E-A506-3C9ECF6C05DA}.Debug|x64.ActiveCfg = Debug|x64
		{A04DC1FA-A88A-474E-A506-3C9ECF6C05DA}.Debug|x64.Build.0 = Debug|x64
		{A04DC1FA-A88A-474E-A506-3C9ECF6C05DA}.Release|x64.ActiveCfg = Release|x64
		{A04DC1FA-A88A-474E-A506-3C9ECF6C05DA}.Release|x64.Build.0 = Release|x64
		{97F12514-D8EB-40B8-AB00-E82F2D204E2B}.Debug|x64.ActiveCfg = Debug|x64
		{97F12514-D8EB-40B8-AB00-E82F2D204E2B}.Debug|x64.Build.0 = Debug|x64
		{97F12514-D8EB-40B8-AB00-E82F2D204E2B}.Release|x64.ActiveCfg = Release|x64
		{97F12514-D8EB-40B8-AB00-E82F2D204E2B}.Release|x64.Build.0 = Release|x64
		{F719D41E-5D8B-43B4-9E99-BC3CC56A16B0}.Debug|x64.ActiveCfg = Debug|x64
		{F719D41E-5D8B-43B4-9E99-BC3CC56A16B0}.Debug|x64.Build.0 = Debug|x64
		{F719D41E-5D8B-43B4-9E99-BC3CC56A16B0}.Release|x64.ActiveCfg = Release|x64
		{F719D41E-5D8B-43B4-9E99-BC3CC56A16B0}.Release|x64.Build.0 = Release|x64
	EndGlobalSection
	GlobalSection(SolutionProperties) = preSolution
		HideSolutionNode = FALSE
	EndGlobalSection
	GlobalSection(ExtensibilityGlobals) = postSolution
		SolutionGuid = {AFA53978-91D0-46AC-A96C-FBD07570827C}
	EndGlobalSection
EndGlobal
